
Microsoft Visual Studio Solution File, Format Version 12.00
# Visual Studio 15
VisualStudioVersion = 15.0.28307.136
MinimumVisualStudioVersion = 10.0.40219.1
Project("{FAE04EC0-301F-11D3-BF4B-00C04F79EFBC}") = "ao.framework.selenium", "ao.framework.selenium\ao.framework.selenium.csproj", "{A216450B-D322-4BD0-A90E-80154466BAE3}"
EndProject
Project("{FAE04EC0-301F-11D3-BF4B-00C04F79EFBC}") = "ao.framework.common", "ao.framework.common\ao.framework.common.csproj", "{C3594554-624B-4D9C-84E6-C4E51A9B510F}"
EndProject
Global
	GlobalSection(SolutionConfigurationPlatforms) = preSolution
		Debug|Any CPU = Debug|Any CPU
		Release|Any CPU = Release|Any CPU
	EndGlobalSection
	GlobalSection(ProjectConfigurationPlatforms) = postSolution
		{A216450B-D322-4BD0-A90E-80154466BAE3}.Debug|Any CPU.ActiveCfg = Debug|Any CPU
		{A216450B-D322-4BD0-A90E-80154466BAE3}.Debug|Any CPU.Build.0 = Debug|Any CPU
		{A216450B-D322-4BD0-A90E-80154466BAE3}.Release|Any CPU.ActiveCfg = Release|Any CPU
		{A216450B-D322-4BD0-A90E-80154466BAE3}.Release|Any CPU.Build.0 = Release|Any CPU
		{C3594554-624B-4D9C-84E6-C4E51A9B510F}.Debug|Any CPU.ActiveCfg = Debug|Any CPU
		{C3594554-624B-4D9C-84E6-C4E51A9B510F}.Debug|Any CPU.Build.0 = Debug|Any CPU
		{C3594554-624B-4D9C-84E6-C4E51A9B510F}.Release|Any CPU.ActiveCfg = Release|Any CPU
		{C3594554-624B-4D9C-84E6-C4E51A9B510F}.Release|Any CPU.Build.0 = Release|Any CPU
	EndGlobalSection
	GlobalSection(SolutionProperties) = preSolution
		HideSolutionNode = FALSE
	EndGlobalSection
	GlobalSection(ExtensibilityGlobals) = postSolution
		SolutionGuid = {BAE1C660-184B-416E-ACBD-0864FA174C87}
	EndGlobalSection
EndGlobal
